// !$*UTF8*$!
{
	archiveVersion = 1;
	classes = {
	};
	objectVersion = 46;
	objects = {

/* Begin PBXBuildFile section */
		68CA7B2B1B4EF12A4E5381F2 /* Pods_Respiratio.framework in Frameworks */ = {isa = PBXBuildFile; fileRef = 91F6DE26ED749D7E0CD4D58A /* Pods_Respiratio.framework */; };
		79DADB74C9AA4A6C055F0455 /* Pods_RespiratioTests.framework in Frameworks */ = {isa = PBXBuildFile; fileRef = 6FF8ECE11336DE7EC5881D3B /* Pods_RespiratioTests.framework */; };
		9CA7EE6E1CC86439009E35BF /* AppDelegate.swift in Sources */ = {isa = PBXBuildFile; fileRef = 9CA7EE6D1CC86439009E35BF /* AppDelegate.swift */; };
		9CA7EE701CC86439009E35BF /* ViewController.swift in Sources */ = {isa = PBXBuildFile; fileRef = 9CA7EE6F1CC86439009E35BF /* ViewController.swift */; };
		9CA7EE731CC86439009E35BF /* Main.storyboard in Resources */ = {isa = PBXBuildFile; fileRef = 9CA7EE711CC86439009E35BF /* Main.storyboard */; };
		9CA7EE751CC86439009E35BF /* Assets.xcassets in Resources */ = {isa = PBXBuildFile; fileRef = 9CA7EE741CC86439009E35BF /* Assets.xcassets */; };
		9CA7EE781CC86439009E35BF /* LaunchScreen.storyboard in Resources */ = {isa = PBXBuildFile; fileRef = 9CA7EE761CC86439009E35BF /* LaunchScreen.storyboard */; };
		9CA7EE831CC86439009E35BF /* RespiratioTests.swift in Sources */ = {isa = PBXBuildFile; fileRef = 9CA7EE821CC86439009E35BF /* RespiratioTests.swift */; };
		9CA7EE8E1CC86439009E35BF /* RespiratioUITests.swift in Sources */ = {isa = PBXBuildFile; fileRef = 9CA7EE8D1CC86439009E35BF /* RespiratioUITests.swift */; };
		9CA7EE9C1CC869EC009E35BF /* AudioManipulator.swift in Sources */ = {isa = PBXBuildFile; fileRef = 9CA7EE9B1CC869EC009E35BF /* AudioManipulator.swift */; };
		F07997F3430130B076B69CC4 /* Pods_RespiratioUITests.framework in Frameworks */ = {isa = PBXBuildFile; fileRef = F7D94FA47F6E518F80068DA3 /* Pods_RespiratioUITests.framework */; };
/* End PBXBuildFile section */

/* Begin PBXContainerItemProxy section */
		9CA7EE7F1CC86439009E35BF /* PBXContainerItemProxy */ = {
			isa = PBXContainerItemProxy;
			containerPortal = 9CA7EE621CC86438009E35BF /* Project object */;
			proxyType = 1;
			remoteGlobalIDString = 9CA7EE691CC86438009E35BF;
			remoteInfo = Respiratio;
		};
		9CA7EE8A1CC86439009E35BF /* PBXContainerItemProxy */ = {
			isa = PBXContainerItemProxy;
			containerPortal = 9CA7EE621CC86438009E35BF /* Project object */;
			proxyType = 1;
			remoteGlobalIDString = 9CA7EE691CC86438009E35BF;
			remoteInfo = Respiratio;
		};
/* End PBXContainerItemProxy section */

/* Begin PBXFileReference section */
		0529775F4B9C18EE8A6D21F4 /* Pods-RespiratioTests.debug.xcconfig */ = {isa = PBXFileReference; includeInIndex = 1; lastKnownFileType = text.xcconfig; name = "Pods-RespiratioTests.debug.xcconfig"; path = "Pods/Target Support Files/Pods-RespiratioTests/Pods-RespiratioTests.debug.xcconfig"; sourceTree = "<group>"; };
		216C372FCB8EECCF7C032D2A /* Pods-RespiratioTests.release.xcconfig */ = {isa = PBXFileReference; includeInIndex = 1; lastKnownFileType = text.xcconfig; name = "Pods-RespiratioTests.release.xcconfig"; path = "Pods/Target Support Files/Pods-RespiratioTests/Pods-RespiratioTests.release.xcconfig"; sourceTree = "<group>"; };
		3595BE9828C45FBC16858AA5 /* Pods-RespiratioUITests.debug.xcconfig */ = {isa = PBXFileReference; includeInIndex = 1; lastKnownFileType = text.xcconfig; name = "Pods-RespiratioUITests.debug.xcconfig"; path = "Pods/Target Support Files/Pods-RespiratioUITests/Pods-RespiratioUITests.debug.xcconfig"; sourceTree = "<group>"; };
		42682E6C14D22B10306A0226 /* Pods-Respiratio.release.xcconfig */ = {isa = PBXFileReference; includeInIndex = 1; lastKnownFileType = text.xcconfig; name = "Pods-Respiratio.release.xcconfig"; path = "Pods/Target Support Files/Pods-Respiratio/Pods-Respiratio.release.xcconfig"; sourceTree = "<group>"; };
		6604261AD13E942994FC4D3B /* Pods-RespiratioUITests.release.xcconfig */ = {isa = PBXFileReference; includeInIndex = 1; lastKnownFileType = text.xcconfig; name = "Pods-RespiratioUITests.release.xcconfig"; path = "Pods/Target Support Files/Pods-RespiratioUITests/Pods-RespiratioUITests.release.xcconfig"; sourceTree = "<group>"; };
		6FF8ECE11336DE7EC5881D3B /* Pods_RespiratioTests.framework */ = {isa = PBXFileReference; explicitFileType = wrapper.framework; includeInIndex = 0; path = Pods_RespiratioTests.framework; sourceTree = BUILT_PRODUCTS_DIR; };
		8B1D5D5F723FABDBE778DF4A /* Pods-Respiratio.debug.xcconfig */ = {isa = PBXFileReference; includeInIndex = 1; lastKnownFileType = text.xcconfig; name = "Pods-Respiratio.debug.xcconfig"; path = "Pods/Target Support Files/Pods-Respiratio/Pods-Respiratio.debug.xcconfig"; sourceTree = "<group>"; };
		91F6DE26ED749D7E0CD4D58A /* Pods_Respiratio.framework */ = {isa = PBXFileReference; explicitFileType = wrapper.framework; includeInIndex = 0; path = Pods_Respiratio.framework; sourceTree = BUILT_PRODUCTS_DIR; };
		9CA7EE6A1CC86438009E35BF /* Respiratio.app */ = {isa = PBXFileReference; explicitFileType = wrapper.application; includeInIndex = 0; path = Respiratio.app; sourceTree = BUILT_PRODUCTS_DIR; };
		9CA7EE6D1CC86439009E35BF /* AppDelegate.swift */ = {isa = PBXFileReference; lastKnownFileType = sourcecode.swift; path = AppDelegate.swift; sourceTree = "<group>"; };
		9CA7EE6F1CC86439009E35BF /* ViewController.swift */ = {isa = PBXFileReference; lastKnownFileType = sourcecode.swift; path = ViewController.swift; sourceTree = "<group>"; };
		9CA7EE721CC86439009E35BF /* Base */ = {isa = PBXFileReference; lastKnownFileType = file.storyboard; name = Base; path = Base.lproj/Main.storyboard; sourceTree = "<group>"; };
		9CA7EE741CC86439009E35BF /* Assets.xcassets */ = {isa = PBXFileReference; lastKnownFileType = folder.assetcatalog; path = Assets.xcassets; sourceTree = "<group>"; };
		9CA7EE771CC86439009E35BF /* Base */ = {isa = PBXFileReference; lastKnownFileType = file.storyboard; name = Base; path = Base.lproj/LaunchScreen.storyboard; sourceTree = "<group>"; };
		9CA7EE791CC86439009E35BF /* Info.plist */ = {isa = PBXFileReference; lastKnownFileType = text.plist.xml; path = Info.plist; sourceTree = "<group>"; };
		9CA7EE7E1CC86439009E35BF /* RespiratioTests.xctest */ = {isa = PBXFileReference; explicitFileType = wrapper.cfbundle; includeInIndex = 0; path = RespiratioTests.xctest; sourceTree = BUILT_PRODUCTS_DIR; };
		9CA7EE821CC86439009E35BF /* RespiratioTests.swift */ = {isa = PBXFileReference; lastKnownFileType = sourcecode.swift; path = RespiratioTests.swift; sourceTree = "<group>"; };
		9CA7EE841CC86439009E35BF /* Info.plist */ = {isa = PBXFileReference; lastKnownFileType = text.plist.xml; path = Info.plist; sourceTree = "<group>"; };
		9CA7EE891CC86439009E35BF /* RespiratioUITests.xctest */ = {isa = PBXFileReference; explicitFileType = wrapper.cfbundle; includeInIndex = 0; path = RespiratioUITests.xctest; sourceTree = BUILT_PRODUCTS_DIR; };
		9CA7EE8D1CC86439009E35BF /* RespiratioUITests.swift */ = {isa = PBXFileReference; lastKnownFileType = sourcecode.swift; path = RespiratioUITests.swift; sourceTree = "<group>"; };
		9CA7EE8F1CC86439009E35BF /* Info.plist */ = {isa = PBXFileReference; lastKnownFileType = text.plist.xml; path = Info.plist; sourceTree = "<group>"; };
		9CA7EE9B1CC869EC009E35BF /* AudioManipulator.swift */ = {isa = PBXFileReference; fileEncoding = 4; lastKnownFileType = sourcecode.swift; path = AudioManipulator.swift; sourceTree = "<group>"; };
		F7D94FA47F6E518F80068DA3 /* Pods_RespiratioUITests.framework */ = {isa = PBXFileReference; explicitFileType = wrapper.framework; includeInIndex = 0; path = Pods_RespiratioUITests.framework; sourceTree = BUILT_PRODUCTS_DIR; };
/* End PBXFileReference section */

/* Begin PBXFrameworksBuildPhase section */
		9CA7EE671CC86438009E35BF /* Frameworks */ = {
			isa = PBXFrameworksBuildPhase;
			buildActionMask = 2147483647;
			files = (
				68CA7B2B1B4EF12A4E5381F2 /* Pods_Respiratio.framework in Frameworks */,
			);
			runOnlyForDeploymentPostprocessing = 0;
		};
		9CA7EE7B1CC86439009E35BF /* Frameworks */ = {
			isa = PBXFrameworksBuildPhase;
			buildActionMask = 2147483647;
			files = (
				79DADB74C9AA4A6C055F0455 /* Pods_RespiratioTests.framework in Frameworks */,
			);
			runOnlyForDeploymentPostprocessing = 0;
		};
		9CA7EE861CC86439009E35BF /* Frameworks */ = {
			isa = PBXFrameworksBuildPhase;
			buildActionMask = 2147483647;
			files = (
				F07997F3430130B076B69CC4 /* Pods_RespiratioUITests.framework in Frameworks */,
			);
			runOnlyForDeploymentPostprocessing = 0;
		};
/* End PBXFrameworksBuildPhase section */

/* Begin PBXGroup section */
		522A7CA6B966C954705F5ED6 /* Pods */ = {
			isa = PBXGroup;
			children = (
				8B1D5D5F723FABDBE778DF4A /* Pods-Respiratio.debug.xcconfig */,
				42682E6C14D22B10306A0226 /* Pods-Respiratio.release.xcconfig */,
				0529775F4B9C18EE8A6D21F4 /* Pods-RespiratioTests.debug.xcconfig */,
				216C372FCB8EECCF7C032D2A /* Pods-RespiratioTests.release.xcconfig */,
				3595BE9828C45FBC16858AA5 /* Pods-RespiratioUITests.debug.xcconfig */,
				6604261AD13E942994FC4D3B /* Pods-RespiratioUITests.release.xcconfig */,
			);
			name = Pods;
			sourceTree = "<group>";
		};
		9CA7EE611CC86438009E35BF = {
			isa = PBXGroup;
			children = (
				9CA7EE6C1CC86439009E35BF /* Respiratio */,
				9CA7EE811CC86439009E35BF /* RespiratioTests */,
				9CA7EE8C1CC86439009E35BF /* RespiratioUITests */,
				9CA7EE6B1CC86438009E35BF /* Products */,
				522A7CA6B966C954705F5ED6 /* Pods */,
				DAA52FAA148338DC985CB8DD /* Frameworks */,
			);
			sourceTree = "<group>";
		};
		9CA7EE6B1CC86438009E35BF /* Products */ = {
			isa = PBXGroup;
			children = (
				9CA7EE6A1CC86438009E35BF /* Respiratio.app */,
				9CA7EE7E1CC86439009E35BF /* RespiratioTests.xctest */,
				9CA7EE891CC86439009E35BF /* RespiratioUITests.xctest */,
			);
			name = Products;
			sourceTree = "<group>";
		};
		9CA7EE6C1CC86439009E35BF /* Respiratio */ = {
			isa = PBXGroup;
			children = (
				9CA7EE6D1CC86439009E35BF /* AppDelegate.swift */,
				9CA7EE9B1CC869EC009E35BF /* AudioManipulator.swift */,
				9CA7EE6F1CC86439009E35BF /* ViewController.swift */,
				9CA7EE711CC86439009E35BF /* Main.storyboard */,
				9CA7EE741CC86439009E35BF /* Assets.xcassets */,
				9CA7EE761CC86439009E35BF /* LaunchScreen.storyboard */,
				9CA7EE791CC86439009E35BF /* Info.plist */,
			);
			path = Respiratio;
			sourceTree = "<group>";
		};
		9CA7EE811CC86439009E35BF /* RespiratioTests */ = {
			isa = PBXGroup;
			children = (
				9CA7EE821CC86439009E35BF /* RespiratioTests.swift */,
				9CA7EE841CC86439009E35BF /* Info.plist */,
			);
			path = RespiratioTests;
			sourceTree = "<group>";
		};
		9CA7EE8C1CC86439009E35BF /* RespiratioUITests */ = {
			isa = PBXGroup;
			children = (
				9CA7EE8D1CC86439009E35BF /* RespiratioUITests.swift */,
				9CA7EE8F1CC86439009E35BF /* Info.plist */,
			);
			path = RespiratioUITests;
			sourceTree = "<group>";
		};
		DAA52FAA148338DC985CB8DD /* Frameworks */ = {
			isa = PBXGroup;
			children = (
				91F6DE26ED749D7E0CD4D58A /* Pods_Respiratio.framework */,
				6FF8ECE11336DE7EC5881D3B /* Pods_RespiratioTests.framework */,
				F7D94FA47F6E518F80068DA3 /* Pods_RespiratioUITests.framework */,
			);
			name = Frameworks;
			sourceTree = "<group>";
		};
/* End PBXGroup section */

/* Begin PBXNativeTarget section */
		9CA7EE691CC86438009E35BF /* Respiratio */ = {
			isa = PBXNativeTarget;
			buildConfigurationList = 9CA7EE921CC86439009E35BF /* Build configuration list for PBXNativeTarget "Respiratio" */;
			buildPhases = (
				B2FAD02BC653EFF23173114F /* 📦 Check Pods Manifest.lock */,
				9CA7EE661CC86438009E35BF /* Sources */,
				9CA7EE671CC86438009E35BF /* Frameworks */,
				9CA7EE681CC86438009E35BF /* Resources */,
				82A21B6B566632187482AB4A /* 📦 Embed Pods Frameworks */,
				F6704CD34A3A41A63B73B048 /* 📦 Copy Pods Resources */,
			);
			buildRules = (
			);
			dependencies = (
			);
			name = Respiratio;
			productName = Respiratio;
			productReference = 9CA7EE6A1CC86438009E35BF /* Respiratio.app */;
			productType = "com.apple.product-type.application";
		};
		9CA7EE7D1CC86439009E35BF /* RespiratioTests */ = {
			isa = PBXNativeTarget;
			buildConfigurationList = 9CA7EE951CC86439009E35BF /* Build configuration list for PBXNativeTarget "RespiratioTests" */;
			buildPhases = (
				4D736D381B69037165741636 /* 📦 Check Pods Manifest.lock */,
				9CA7EE7A1CC86439009E35BF /* Sources */,
				9CA7EE7B1CC86439009E35BF /* Frameworks */,
				9CA7EE7C1CC86439009E35BF /* Resources */,
				5CA5FA1F85A6150650AA534C /* 📦 Embed Pods Frameworks */,
				2F3F9AE7B105033D2B60DEE8 /* 📦 Copy Pods Resources */,
			);
			buildRules = (
			);
			dependencies = (
				9CA7EE801CC86439009E35BF /* PBXTargetDependency */,
			);
			name = RespiratioTests;
			productName = RespiratioTests;
			productReference = 9CA7EE7E1CC86439009E35BF /* RespiratioTests.xctest */;
			productType = "com.apple.product-type.bundle.unit-test";
		};
		9CA7EE881CC86439009E35BF /* RespiratioUITests */ = {
			isa = PBXNativeTarget;
			buildConfigurationList = 9CA7EE981CC86439009E35BF /* Build configuration list for PBXNativeTarget "RespiratioUITests" */;
			buildPhases = (
				290FD0CDEDD4B0FDE9F4CAEA /* 📦 Check Pods Manifest.lock */,
				9CA7EE851CC86439009E35BF /* Sources */,
				9CA7EE861CC86439009E35BF /* Frameworks */,
				9CA7EE871CC86439009E35BF /* Resources */,
				F929219BB676D722F9026C11 /* 📦 Copy Pods Resources */,
			);
			buildRules = (
			);
			dependencies = (
				9CA7EE8B1CC86439009E35BF /* PBXTargetDependency */,
			);
			name = RespiratioUITests;
			productName = RespiratioUITests;
			productReference = 9CA7EE891CC86439009E35BF /* RespiratioUITests.xctest */;
			productType = "com.apple.product-type.bundle.ui-testing";
		};
/* End PBXNativeTarget section */

/* Begin PBXProject section */
		9CA7EE621CC86438009E35BF /* Project object */ = {
			isa = PBXProject;
			attributes = {
				LastSwiftUpdateCheck = 0730;
				LastUpgradeCheck = 0730;
				ORGANIZATIONNAME = "Adam Hair";
				TargetAttributes = {
					9CA7EE691CC86438009E35BF = {
						CreatedOnToolsVersion = 7.3;
						DevelopmentTeam = MTATN3VVMA;
					};
					9CA7EE7D1CC86439009E35BF = {
						CreatedOnToolsVersion = 7.3;
						DevelopmentTeam = MTATN3VVMA;
						TestTargetID = 9CA7EE691CC86438009E35BF;
					};
					9CA7EE881CC86439009E35BF = {
						CreatedOnToolsVersion = 7.3;
						DevelopmentTeam = MTATN3VVMA;
						TestTargetID = 9CA7EE691CC86438009E35BF;
					};
				};
			};
			buildConfigurationList = 9CA7EE651CC86438009E35BF /* Build configuration list for PBXProject "Respiratio" */;
			compatibilityVersion = "Xcode 3.2";
			developmentRegion = English;
			hasScannedForEncodings = 0;
			knownRegions = (
				en,
				Base,
			);
			mainGroup = 9CA7EE611CC86438009E35BF;
			productRefGroup = 9CA7EE6B1CC86438009E35BF /* Products */;
			projectDirPath = "";
			projectRoot = "";
			targets = (
				9CA7EE691CC86438009E35BF /* Respiratio */,
				9CA7EE7D1CC86439009E35BF /* RespiratioTests */,
				9CA7EE881CC86439009E35BF /* RespiratioUITests */,
			);
		};
/* End PBXProject section */

/* Begin PBXResourcesBuildPhase section */
		9CA7EE681CC86438009E35BF /* Resources */ = {
			isa = PBXResourcesBuildPhase;
			buildActionMask = 2147483647;
			files = (
				9CA7EE781CC86439009E35BF /* LaunchScreen.storyboard in Resources */,
				9CA7EE751CC86439009E35BF /* Assets.xcassets in Resources */,
				9CA7EE731CC86439009E35BF /* Main.storyboard in Resources */,
			);
			runOnlyForDeploymentPostprocessing = 0;
		};
		9CA7EE7C1CC86439009E35BF /* Resources */ = {
			isa = PBXResourcesBuildPhase;
			buildActionMask = 2147483647;
			files = (
			);
			runOnlyForDeploymentPostprocessing = 0;
		};
		9CA7EE871CC86439009E35BF /* Resources */ = {
			isa = PBXResourcesBuildPhase;
			buildActionMask = 2147483647;
			files = (
			);
			runOnlyForDeploymentPostprocessing = 0;
		};
/* End PBXResourcesBuildPhase section */

/* Begin PBXShellScriptBuildPhase section */
		290FD0CDEDD4B0FDE9F4CAEA /* 📦 Check Pods Manifest.lock */ = {
			isa = PBXShellScriptBuildPhase;
			buildActionMask = 2147483647;
			files = (
			);
			inputPaths = (
			);
			name = "📦 Check Pods Manifest.lock";
			outputPaths = (
			);
			runOnlyForDeploymentPostprocessing = 0;
			shellPath = /bin/sh;
			shellScript = "diff \"${PODS_ROOT}/../Podfile.lock\" \"${PODS_ROOT}/Manifest.lock\" > /dev/null\nif [[ $? != 0 ]] ; then\n    cat << EOM\nerror: The sandbox is not in sync with the Podfile.lock. Run 'pod install' or update your CocoaPods installation.\nEOM\n    exit 1\nfi\n";
			showEnvVarsInLog = 0;
		};
		2F3F9AE7B105033D2B60DEE8 /* 📦 Copy Pods Resources */ = {
			isa = PBXShellScriptBuildPhase;
			buildActionMask = 2147483647;
			files = (
			);
			inputPaths = (
			);
			name = "📦 Copy Pods Resources";
			outputPaths = (
			);
			runOnlyForDeploymentPostprocessing = 0;
			shellPath = /bin/sh;
			shellScript = "\"${SRCROOT}/Pods/Target Support Files/Pods-RespiratioTests/Pods-RespiratioTests-resources.sh\"\n";
			showEnvVarsInLog = 0;
		};
		4D736D381B69037165741636 /* 📦 Check Pods Manifest.lock */ = {
			isa = PBXShellScriptBuildPhase;
			buildActionMask = 2147483647;
			files = (
			);
			inputPaths = (
			);
			name = "📦 Check Pods Manifest.lock";
			outputPaths = (
			);
			runOnlyForDeploymentPostprocessing = 0;
			shellPath = /bin/sh;
			shellScript = "diff \"${PODS_ROOT}/../Podfile.lock\" \"${PODS_ROOT}/Manifest.lock\" > /dev/null\nif [[ $? != 0 ]] ; then\n    cat << EOM\nerror: The sandbox is not in sync with the Podfile.lock. Run 'pod install' or update your CocoaPods installation.\nEOM\n    exit 1\nfi\n";
			showEnvVarsInLog = 0;
		};
		5CA5FA1F85A6150650AA534C /* 📦 Embed Pods Frameworks */ = {
			isa = PBXShellScriptBuildPhase;
			buildActionMask = 2147483647;
			files = (
			);
			inputPaths = (
			);
			name = "📦 Embed Pods Frameworks";
			outputPaths = (
			);
			runOnlyForDeploymentPostprocessing = 0;
			shellPath = /bin/sh;
			shellScript = "\"${SRCROOT}/Pods/Target Support Files/Pods-RespiratioTests/Pods-RespiratioTests-frameworks.sh\"\n";
			showEnvVarsInLog = 0;
		};
		82A21B6B566632187482AB4A /* 📦 Embed Pods Frameworks */ = {
			isa = PBXShellScriptBuildPhase;
			buildActionMask = 2147483647;
			files = (
			);
			inputPaths = (
			);
			name = "📦 Embed Pods Frameworks";
			outputPaths = (
			);
			runOnlyForDeploymentPostprocessing = 0;
			shellPath = /bin/sh;
			shellScript = "\"${SRCROOT}/Pods/Target Support Files/Pods-Respiratio/Pods-Respiratio-frameworks.sh\"\n";
			showEnvVarsInLog = 0;
		};
		B2FAD02BC653EFF23173114F /* 📦 Check Pods Manifest.lock */ = {
			isa = PBXShellScriptBuildPhase;
			buildActionMask = 2147483647;
			files = (
			);
			inputPaths = (
			);
			name = "📦 Check Pods Manifest.lock";
			outputPaths = (
			);
			runOnlyForDeploymentPostprocessing = 0;
			shellPath = /bin/sh;
			shellScript = "diff \"${PODS_ROOT}/../Podfile.lock\" \"${PODS_ROOT}/Manifest.lock\" > /dev/null\nif [[ $? != 0 ]] ; then\n    cat << EOM\nerror: The sandbox is not in sync with the Podfile.lock. Run 'pod install' or update your CocoaPods installation.\nEOM\n    exit 1\nfi\n";
			showEnvVarsInLog = 0;
		};
		F6704CD34A3A41A63B73B048 /* 📦 Copy Pods Resources */ = {
			isa = PBXShellScriptBuildPhase;
			buildActionMask = 2147483647;
			files = (
			);
			inputPaths = (
			);
			name = "📦 Copy Pods Resources";
			outputPaths = (
			);
			runOnlyForDeploymentPostprocessing = 0;
			shellPath = /bin/sh;
			shellScript = "\"${SRCROOT}/Pods/Target Support Files/Pods-Respiratio/Pods-Respiratio-resources.sh\"\n";
			showEnvVarsInLog = 0;
		};
		F929219BB676D722F9026C11 /* 📦 Copy Pods Resources */ = {
			isa = PBXShellScriptBuildPhase;
			buildActionMask = 2147483647;
			files = (
			);
			inputPaths = (
			);
			name = "📦 Copy Pods Resources";
			outputPaths = (
			);
			runOnlyForDeploymentPostprocessing = 0;
			shellPath = /bin/sh;
			shellScript = "\"${SRCROOT}/Pods/Target Support Files/Pods-RespiratioUITests/Pods-RespiratioUITests-resources.sh\"\n";
			showEnvVarsInLog = 0;
		};
/* End PBXShellScriptBuildPhase section */

/* Begin PBXSourcesBuildPhase section */
		9CA7EE661CC86438009E35BF /* Sources */ = {
			isa = PBXSourcesBuildPhase;
			buildActionMask = 2147483647;
			files = (
				9CA7EE701CC86439009E35BF /* ViewController.swift in Sources */,
				9CA7EE9C1CC869EC009E35BF /* AudioManipulator.swift in Sources */,
				9CA7EE6E1CC86439009E35BF /* AppDelegate.swift in Sources */,
			);
			runOnlyForDeploymentPostprocessing = 0;
		};
		9CA7EE7A1CC86439009E35BF /* Sources */ = {
			isa = PBXSourcesBuildPhase;
			buildActionMask = 2147483647;
			files = (
				9CA7EE831CC86439009E35BF /* RespiratioTests.swift in Sources */,
			);
			runOnlyForDeploymentPostprocessing = 0;
		};
		9CA7EE851CC86439009E35BF /* Sources */ = {
			isa = PBXSourcesBuildPhase;
			buildActionMask = 2147483647;
			files = (
				9CA7EE8E1CC86439009E35BF /* RespiratioUITests.swift in Sources */,
			);
			runOnlyForDeploymentPostprocessing = 0;
		};
/* End PBXSourcesBuildPhase section */

/* Begin PBXTargetDependency section */
		9CA7EE801CC86439009E35BF /* PBXTargetDependency */ = {
			isa = PBXTargetDependency;
			target = 9CA7EE691CC86438009E35BF /* Respiratio */;
			targetProxy = 9CA7EE7F1CC86439009E35BF /* PBXContainerItemProxy */;
		};
		9CA7EE8B1CC86439009E35BF /* PBXTargetDependency */ = {
			isa = PBXTargetDependency;
			target = 9CA7EE691CC86438009E35BF /* Respiratio */;
			targetProxy = 9CA7EE8A1CC86439009E35BF /* PBXContainerItemProxy */;
		};
/* End PBXTargetDependency section */

/* Begin PBXVariantGroup section */
		9CA7EE711CC86439009E35BF /* Main.storyboard */ = {
			isa = PBXVariantGroup;
			children = (
				9CA7EE721CC86439009E35BF /* Base */,
			);
			name = Main.storyboard;
			sourceTree = "<group>";
		};
		9CA7EE761CC86439009E35BF /* LaunchScreen.storyboard */ = {
			isa = PBXVariantGroup;
			children = (
				9CA7EE771CC86439009E35BF /* Base */,
			);
			name = LaunchScreen.storyboard;
			sourceTree = "<group>";
		};
/* End PBXVariantGroup section */

/* Begin XCBuildConfiguration section */
		9CA7EE901CC86439009E35BF /* Debug */ = {
			isa = XCBuildConfiguration;
			buildSettings = {
				ALWAYS_SEARCH_USER_PATHS = NO;
				CLANG_ANALYZER_NONNULL = YES;
				CLANG_CXX_LANGUAGE_STANDARD = "gnu++0x";
				CLANG_CXX_LIBRARY = "libc++";
				CLANG_ENABLE_MODULES = YES;
				CLANG_ENABLE_OBJC_ARC = YES;
				CLANG_WARN_BOOL_CONVERSION = YES;
				CLANG_WARN_CONSTANT_CONVERSION = YES;
				CLANG_WARN_DIRECT_OBJC_ISA_USAGE = YES_ERROR;
				CLANG_WARN_EMPTY_BODY = YES;
				CLANG_WARN_ENUM_CONVERSION = YES;
				CLANG_WARN_INT_CONVERSION = YES;
				CLANG_WARN_OBJC_ROOT_CLASS = YES_ERROR;
				CLANG_WARN_UNREACHABLE_CODE = YES;
				CLANG_WARN__DUPLICATE_METHOD_MATCH = YES;
				"CODE_SIGN_IDENTITY[sdk=iphoneos*]" = "iPhone Developer";
				COPY_PHASE_STRIP = NO;
				DEBUG_INFORMATION_FORMAT = dwarf;
				ENABLE_STRICT_OBJC_MSGSEND = YES;
				ENABLE_TESTABILITY = YES;
				GCC_C_LANGUAGE_STANDARD = gnu99;
				GCC_DYNAMIC_NO_PIC = NO;
				GCC_NO_COMMON_BLOCKS = YES;
				GCC_OPTIMIZATION_LEVEL = 0;
				GCC_PREPROCESSOR_DEFINITIONS = (
					"DEBUG=1",
					"$(inherited)",
				);
				GCC_WARN_64_TO_32_BIT_CONVERSION = YES;
				GCC_WARN_ABOUT_RETURN_TYPE = YES_ERROR;
				GCC_WARN_UNDECLARED_SELECTOR = YES;
				GCC_WARN_UNINITIALIZED_AUTOS = YES_AGGRESSIVE;
				GCC_WARN_UNUSED_FUNCTION = YES;
				GCC_WARN_UNUSED_VARIABLE = YES;
				IPHONEOS_DEPLOYMENT_TARGET = 9.3;
				MTL_ENABLE_DEBUG_INFO = YES;
				ONLY_ACTIVE_ARCH = YES;
				SDKROOT = iphoneos;
				SWIFT_OPTIMIZATION_LEVEL = "-Onone";
			};
			name = Debug;
		};
		9CA7EE911CC86439009E35BF /* Release */ = {
			isa = XCBuildConfiguration;
			buildSettings = {
				ALWAYS_SEARCH_USER_PATHS = NO;
				CLANG_ANALYZER_NONNULL = YES;
				CLANG_CXX_LANGUAGE_STANDARD = "gnu++0x";
				CLANG_CXX_LIBRARY = "libc++";
				CLANG_ENABLE_MODULES = YES;
				CLANG_ENABLE_OBJC_ARC = YES;
				CLANG_WARN_BOOL_CONVERSION = YES;
				CLANG_WARN_CONSTANT_CONVERSION = YES;
				CLANG_WARN_DIRECT_OBJC_ISA_USAGE = YES_ERROR;
				CLANG_WARN_EMPTY_BODY = YES;
				CLANG_WARN_ENUM_CONVERSION = YES;
				CLANG_WARN_INT_CONVERSION = YES;
				CLANG_WARN_OBJC_ROOT_CLASS = YES_ERROR;
				CLANG_WARN_UNREACHABLE_CODE = YES;
				CLANG_WARN__DUPLICATE_METHOD_MATCH = YES;
				"CODE_SIGN_IDENTITY[sdk=iphoneos*]" = "iPhone Developer";
				COPY_PHASE_STRIP = NO;
				DEBUG_INFORMATION_FORMAT = "dwarf-with-dsym";
				ENABLE_NS_ASSERTIONS = NO;
				ENABLE_STRICT_OBJC_MSGSEND = YES;
				GCC_C_LANGUAGE_STANDARD = gnu99;
				GCC_NO_COMMON_BLOCKS = YES;
				GCC_WARN_64_TO_32_BIT_CONVERSION = YES;
				GCC_WARN_ABOUT_RETURN_TYPE = YES_ERROR;
				GCC_WARN_UNDECLARED_SELECTOR = YES;
				GCC_WARN_UNINITIALIZED_AUTOS = YES_AGGRESSIVE;
				GCC_WARN_UNUSED_FUNCTION = YES;
				GCC_WARN_UNUSED_VARIABLE = YES;
				IPHONEOS_DEPLOYMENT_TARGET = 9.3;
				MTL_ENABLE_DEBUG_INFO = NO;
				SDKROOT = iphoneos;
				VALIDATE_PRODUCT = YES;
			};
			name = Release;
		};
		9CA7EE931CC86439009E35BF /* Debug */ = {
			isa = XCBuildConfiguration;
			baseConfigurationReference = 8B1D5D5F723FABDBE778DF4A /* Pods-Respiratio.debug.xcconfig */;
			buildSettings = {
				ASSETCATALOG_COMPILER_APPICON_NAME = AppIcon;
				CODE_SIGN_IDENTITY = "iPhone Developer";
				"CODE_SIGN_IDENTITY[sdk=iphoneos*]" = "iPhone Developer";
				INFOPLIST_FILE = Respiratio/Info.plist;
				LD_RUNPATH_SEARCH_PATHS = "$(inherited) @executable_path/Frameworks";
				PRODUCT_BUNDLE_IDENTIFIER = adamhair.Respiratio;
				PRODUCT_NAME = "$(TARGET_NAME)";
				PROVISIONING_PROFILE = "";
			};
			name = Debug;
		};
		9CA7EE941CC86439009E35BF /* Release */ = {
			isa = XCBuildConfiguration;
			baseConfigurationReference = 42682E6C14D22B10306A0226 /* Pods-Respiratio.release.xcconfig */;
			buildSettings = {
				ASSETCATALOG_COMPILER_APPICON_NAME = AppIcon;
				CODE_SIGN_IDENTITY = "iPhone Developer";
				"CODE_SIGN_IDENTITY[sdk=iphoneos*]" = "iPhone Developer";
				INFOPLIST_FILE = Respiratio/Info.plist;
				LD_RUNPATH_SEARCH_PATHS = "$(inherited) @executable_path/Frameworks";
				PRODUCT_BUNDLE_IDENTIFIER = adamhair.Respiratio;
				PRODUCT_NAME = "$(TARGET_NAME)";
				PROVISIONING_PROFILE = "";
			};
			name = Release;
		};
		9CA7EE961CC86439009E35BF /* Debug */ = {
			isa = XCBuildConfiguration;
			baseConfigurationReference = 0529775F4B9C18EE8A6D21F4 /* Pods-RespiratioTests.debug.xcconfig */;
			buildSettings = {
				BUNDLE_LOADER = "$(TEST_HOST)";
				INFOPLIST_FILE = RespiratioTests/Info.plist;
				LD_RUNPATH_SEARCH_PATHS = "$(inherited) @executable_path/Frameworks @loader_path/Frameworks";
				PRODUCT_BUNDLE_IDENTIFIER = adamhair.RespiratioTests;
				PRODUCT_NAME = "$(TARGET_NAME)";
				TEST_HOST = "$(BUILT_PRODUCTS_DIR)/Respiratio.app/Respiratio";
			};
			name = Debug;
		};
		9CA7EE971CC86439009E35BF /* Release */ = {
			isa = XCBuildConfiguration;
			baseConfigurationReference = 216C372FCB8EECCF7C032D2A /* Pods-RespiratioTests.release.xcconfig */;
			buildSettings = {
				BUNDLE_LOADER = "$(TEST_HOST)";
				INFOPLIST_FILE = RespiratioTests/Info.plist;
				LD_RUNPATH_SEARCH_PATHS = "$(inherited) @executable_path/Frameworks @loader_path/Frameworks";
				PRODUCT_BUNDLE_IDENTIFIER = adamhair.RespiratioTests;
				PRODUCT_NAME = "$(TARGET_NAME)";
				TEST_HOST = "$(BUILT_PRODUCTS_DIR)/Respiratio.app/Respiratio";
			};
			name = Release;
		};
		9CA7EE991CC86439009E35BF /* Debug */ = {
			isa = XCBuildConfiguration;
			baseConfigurationReference = 3595BE9828C45FBC16858AA5 /* Pods-RespiratioUITests.debug.xcconfig */;
			buildSettings = {
				INFOPLIST_FILE = RespiratioUITests/Info.plist;
				LD_RUNPATH_SEARCH_PATHS = "$(inherited) @executable_path/Frameworks @loader_path/Frameworks";
				PRODUCT_BUNDLE_IDENTIFIER = adamhair.RespiratioUITests;
				PRODUCT_NAME = "$(TARGET_NAME)";
				TEST_TARGET_NAME = Respiratio;
			};
			name = Debug;
		};
		9CA7EE9A1CC86439009E35BF /* Release */ = {
			isa = XCBuildConfiguration;
			baseConfigurationReference = 6604261AD13E942994FC4D3B /* Pods-RespiratioUITests.release.xcconfig */;
			buildSettings = {
				INFOPLIST_FILE = RespiratioUITests/Info.plist;
				LD_RUNPATH_SEARCH_PATHS = "$(inherited) @executable_path/Frameworks @loader_path/Frameworks";
				PRODUCT_BUNDLE_IDENTIFIER = adamhair.RespiratioUITests;
				PRODUCT_NAME = "$(TARGET_NAME)";
				TEST_TARGET_NAME = Respiratio;
			};
			name = Release;
		};
/* End XCBuildConfiguration section */

/* Begin XCConfigurationList section */
		9CA7EE651CC86438009E35BF /* Build configuration list for PBXProject "Respiratio" */ = {
			isa = XCConfigurationList;
			buildConfigurations = (
				9CA7EE901CC86439009E35BF /* Debug */,
				9CA7EE911CC86439009E35BF /* Release */,
			);
			defaultConfigurationIsVisible = 0;
			defaultConfigurationName = Release;
		};
		9CA7EE921CC86439009E35BF /* Build configuration list for PBXNativeTarget "Respiratio" */ = {
			isa = XCConfigurationList;
			buildConfigurations = (
				9CA7EE931CC86439009E35BF /* Debug */,
				9CA7EE941CC86439009E35BF /* Release */,
			);
			defaultConfigurationIsVisible = 0;
			defaultConfigurationName = Release;
		};
		9CA7EE951CC86439009E35BF /* Build configuration list for PBXNativeTarget "RespiratioTests" */ = {
			isa = XCConfigurationList;
			buildConfigurations = (
				9CA7EE961CC86439009E35BF /* Debug */,
				9CA7EE971CC86439009E35BF /* Release */,
			);
			defaultConfigurationIsVisible = 0;
			defaultConfigurationName = Release;
		};
		9CA7EE981CC86439009E35BF /* Build configuration list for PBXNativeTarget "RespiratioUITests" */ = {
			isa = XCConfigurationList;
			buildConfigurations = (
				9CA7EE991CC86439009E35BF /* Debug */,
				9CA7EE9A1CC86439009E35BF /* Release */,
			);
			defaultConfigurationIsVisible = 0;
			defaultConfigurationName = Release;
		};
/* End XCConfigurationList section */
	};
	rootObject = 9CA7EE621CC86438009E35BF /* Project object */;
}
